
Microsoft Visual Studio Solution File, Format Version 12.00
# Visual Studio Version 16
VisualStudioVersion = 16.0.30011.22
MinimumVisualStudioVersion = 10.0.40219.1
Project("{FAE04EC0-301F-11D3-BF4B-00C04F79EFBC}") = "Grupp9", "Grupp9.csproj", "{79B93452-CB2E-4C43-8007-323DC6847ECF}"
EndProject
Project("{FAE04EC0-301F-11D3-BF4B-00C04F79EFBC}") = "BL", "..\BL2\BL.csproj", "{34435F96-6E33-454C-895E-A845C5AFE94C}"
EndProject
Project("{FAE04EC0-301F-11D3-BF4B-00C04F79EFBC}") = "DAL", "..\DAL2\DAL.csproj", "{963C6473-E315-4100-856C-6AD83D38E11C}"
EndProject
Project("{FAE04EC0-301F-11D3-BF4B-00C04F79EFBC}") = "Models", "..\Models2\Models.csproj", "{C48E87CA-30DC-4A31-B8CE-B01B5F89020C}"
EndProject
Global
	GlobalSection(SolutionConfigurationPlatforms) = preSolution
		Debug|Any CPU = Debug|Any CPU
		Release|Any CPU = Release|Any CPU
	EndGlobalSection
	GlobalSection(ProjectConfigurationPlatforms) = postSolution
		{79B93452-CB2E-4C43-8007-323DC6847ECF}.Debug|Any CPU.ActiveCfg = Debug|Any CPU
		{79B93452-CB2E-4C43-8007-323DC6847ECF}.Debug|Any CPU.Build.0 = Debug|Any CPU
		{79B93452-CB2E-4C43-8007-323DC6847ECF}.Release|Any CPU.ActiveCfg = Release|Any CPU
		{79B93452-CB2E-4C43-8007-323DC6847ECF}.Release|Any CPU.Build.0 = Release|Any CPU
		{34435F96-6E33-454C-895E-A845C5AFE94C}.Debug|Any CPU.ActiveCfg = Debug|Any CPU
		{34435F96-6E33-454C-895E-A845C5AFE94C}.Debug|Any CPU.Build.0 = Debug|Any CPU
		{34435F96-6E33-454C-895E-A845C5AFE94C}.Release|Any CPU.ActiveCfg = Release|Any CPU
		{34435F96-6E33-454C-895E-A845C5AFE94C}.Release|Any CPU.Build.0 = Release|Any CPU
		{963C6473-E315-4100-856C-6AD83D38E11C}.Debug|Any CPU.ActiveCfg = Debug|Any CPU
		{963C6473-E315-4100-856C-6AD83D38E11C}.Debug|Any CPU.Build.0 = Debug|Any CPU
		{963C6473-E315-4100-856C-6AD83D38E11C}.Release|Any CPU.ActiveCfg = Release|Any CPU
		{963C6473-E315-4100-856C-6AD83D38E11C}.Release|Any CPU.Build.0 = Release|Any CPU
		{C48E87CA-30DC-4A31-B8CE-B01B5F89020C}.Debug|Any CPU.ActiveCfg = Debug|Any CPU
		{C48E87CA-30DC-4A31-B8CE-B01B5F89020C}.Debug|Any CPU.Build.0 = Debug|Any CPU
		{C48E87CA-30DC-4A31-B8CE-B01B5F89020C}.Release|Any CPU.ActiveCfg = Release|Any CPU
		{C48E87CA-30DC-4A31-B8CE-B01B5F89020C}.Release|Any CPU.Build.0 = Release|Any CPU
	EndGlobalSection
	GlobalSection(SolutionProperties) = preSolution
		HideSolutionNode = FALSE
	EndGlobalSection
	GlobalSection(ExtensibilityGlobals) = postSolution
		SolutionGuid = {DDD4655C-6825-4DB0-B4E6-827C1F24CAE7}
	EndGlobalSection
EndGlobal
